
Microsoft Visual Studio Solution File, Format Version 11.00
# Visual Studio 2010
Project("{FAE04EC0-301F-11D3-BF4B-00C04F79EFBC}") = "Byoic", "Byoic\Byoic.csproj", "{5091D3DA-2638-4442-BE8C-9A6290F90BF8}"
EndProject
Project("{FAE04EC0-301F-11D3-BF4B-00C04F79EFBC}") = "Byoic.Tests", "Byoic.Tests\Byoic.Tests.csproj", "{7776DBE2-3E77-43E8-80FC-D1BFA480ADDC}"
EndProject
Global
	GlobalSection(SolutionConfigurationPlatforms) = preSolution
		Debug|Any CPU = Debug|Any CPU
		Release|Any CPU = Release|Any CPU
	EndGlobalSection
	GlobalSection(ProjectConfigurationPlatforms) = postSolution
		{5091D3DA-2638-4442-BE8C-9A6290F90BF8}.Debug|Any CPU.ActiveCfg = Debug|Any CPU
		{5091D3DA-2638-4442-BE8C-9A6290F90BF8}.Debug|Any CPU.Build.0 = Debug|Any CPU
		{5091D3DA-2638-4442-BE8C-9A6290F90BF8}.Release|Any CPU.ActiveCfg = Release|Any CPU
		{5091D3DA-2638-4442-BE8C-9A6290F90BF8}.Release|Any CPU.Build.0 = Release|Any CPU
		{7776DBE2-3E77-43E8-80FC-D1BFA480ADDC}.Debug|Any CPU.ActiveCfg = Debug|Any CPU
		{7776DBE2-3E77-43E8-80FC-D1BFA480ADDC}.Debug|Any CPU.Build.0 = Debug|Any CPU
		{7776DBE2-3E77-43E8-80FC-D1BFA480ADDC}.Release|Any CPU.ActiveCfg = Release|Any CPU
		{7776DBE2-3E77-43E8-80FC-D1BFA480ADDC}.Release|Any CPU.Build.0 = Release|Any CPU
	EndGlobalSection
	GlobalSection(SolutionProperties) = preSolution
		HideSolutionNode = FALSE
	EndGlobalSection
EndGlobal
