
Microsoft Visual Studio Solution File, Format Version 11.00
# Visual Studio 2010
Project("{FAE04EC0-301F-11D3-BF4B-00C04F79EFBC}") = "Simple.IoC", "Simple.IoC\Simple.IoC.csproj", "{D31611B6-3913-4AD8-850A-1B197D2DBC61}"
EndProject
Project("{FAE04EC0-301F-11D3-BF4B-00C04F79EFBC}") = "Simple.IoC.Tests", "Simple.IoC.Tests\Simple.IoC.Tests.csproj", "{4C10B8C5-3528-452E-89F4-023E450ABF25}"
EndProject
Global
	GlobalSection(SolutionConfigurationPlatforms) = preSolution
		Debug|Any CPU = Debug|Any CPU
		Release|Any CPU = Release|Any CPU
	EndGlobalSection
	GlobalSection(ProjectConfigurationPlatforms) = postSolution
		{D31611B6-3913-4AD8-850A-1B197D2DBC61}.Debug|Any CPU.ActiveCfg = Debug|Any CPU
		{D31611B6-3913-4AD8-850A-1B197D2DBC61}.Debug|Any CPU.Build.0 = Debug|Any CPU
		{D31611B6-3913-4AD8-850A-1B197D2DBC61}.Release|Any CPU.ActiveCfg = Release|Any CPU
		{D31611B6-3913-4AD8-850A-1B197D2DBC61}.Release|Any CPU.Build.0 = Release|Any CPU
		{4C10B8C5-3528-452E-89F4-023E450ABF25}.Debug|Any CPU.ActiveCfg = Debug|Any CPU
		{4C10B8C5-3528-452E-89F4-023E450ABF25}.Debug|Any CPU.Build.0 = Debug|Any CPU
		{4C10B8C5-3528-452E-89F4-023E450ABF25}.Release|Any CPU.ActiveCfg = Release|Any CPU
		{4C10B8C5-3528-452E-89F4-023E450ABF25}.Release|Any CPU.Build.0 = Release|Any CPU
	EndGlobalSection
	GlobalSection(SolutionProperties) = preSolution
		HideSolutionNode = FALSE
	EndGlobalSection
EndGlobal
